
Microsoft Visual Studio Solution File, Format Version 12.00
# Visual Studio 15
VisualStudioVersion = 15.0.27703.2047
MinimumVisualStudioVersion = 10.0.40219.1
Project("{8BC9CEB8-8B4A-11D0-8D11-00A0C91BC942}") = "PP01.HelloSDL", "PP01.HelloSDL\PP01.HelloSDL.vcxproj", "{310F14E9-BDA0-43BF-B1EC-A1E3A0517BD4}"
EndProject
Global
	GlobalSection(SolutionConfigurationPlatforms) = preSolution
		Debug|x64 = Debug|x64
		Debug|x86 = Debug|x86
		Release|x64 = Release|x64
		Release|x86 = Release|x86
	EndGlobalSection
	GlobalSection(ProjectConfigurationPlatforms) = postSolution
		{310F14E9-BDA0-43BF-B1EC-A1E3A0517BD4}.Debug|x64.ActiveCfg = Debug|x64
		{310F14E9-BDA0-43BF-B1EC-A1E3A0517BD4}.Debug|x64.Build.0 = Debug|x64
		{310F14E9-BDA0-43BF-B1EC-A1E3A0517BD4}.Debug|x86.ActiveCfg = Debug|Win32
		{310F14E9-BDA0-43BF-B1EC-A1E3A0517BD4}.Debug|x86.Build.0 = Debug|Win32
		{310F14E9-BDA0-43BF-B1EC-A1E3A0517BD4}.Release|x64.ActiveCfg = Release|x64
		{310F14E9-BDA0-43BF-B1EC-A1E3A0517BD4}.Release|x64.Build.0 = Release|x64
		{310F14E9-BDA0-43BF-B1EC-A1E3A0517BD4}.Release|x86.ActiveCfg = Release|Win32
		{310F14E9-BDA0-43BF-B1EC-A1E3A0517BD4}.Release|x86.Build.0 = Release|Win32
	EndGlobalSection
	GlobalSection(SolutionProperties) = preSolution
		HideSolutionNode = FALSE
	EndGlobalSection
	GlobalSection(ExtensibilityGlobals) = postSolution
		SolutionGuid = {5C6E2E3F-B9A9-49F4-B7BB-524FDA22A453}
	EndGlobalSection
EndGlobal
